
Microsoft Visual Studio Solution File, Format Version 12.00
# Visual Studio Version 17
VisualStudioVersion = 17.3.32819.101
MinimumVisualStudioVersion = 10.0.40219.1
Project("{FAE04EC0-301F-11D3-BF4B-00C04F79EFBC}") = "GitHubUpdate", "GitHubUpdate.csproj", "{95D9E9A2-5A0E-4CCB-8AB5-3EFBC94F0864}"
EndProject
Global
	GlobalSection(SolutionConfigurationPlatforms) = preSolution
		Debug|Any CPU = Debug|Any CPU
		Release|Any CPU = Release|Any CPU
	EndGlobalSection
	GlobalSection(ProjectConfigurationPlatforms) = postSolution
		{95D9E9A2-5A0E-4CCB-8AB5-3EFBC94F0864}.Debug|Any CPU.ActiveCfg = Debug|Any CPU
		{95D9E9A2-5A0E-4CCB-8AB5-3EFBC94F0864}.Debug|Any CPU.Build.0 = Debug|Any CPU
		{95D9E9A2-5A0E-4CCB-8AB5-3EFBC94F0864}.Release|Any CPU.ActiveCfg = Release|Any CPU
		{95D9E9A2-5A0E-4CCB-8AB5-3EFBC94F0864}.Release|Any CPU.Build.0 = Release|Any CPU
	EndGlobalSection
	GlobalSection(SolutionProperties) = preSolution
		HideSolutionNode = FALSE
	EndGlobalSection
	GlobalSection(ExtensibilityGlobals) = postSolution
		SolutionGuid = {CF988DB1-57E2-4D8B-928D-2018C990E68F}
	EndGlobalSection
EndGlobal
